name: null
channels:
  - pytorch
  - pyg
  - conda-forge
  - defaults
dependencies:
  - _libgcc_mutex=0.1=conda_forge
  - _openmp_mutex=4.5=1_gnu
  - abseil-cpp=20210324.2=h2531618_0
  - absl-py=0.15.0=pyhd3eb1b0_0
  - aiohttp=3.8.1=py39h7f8727e_1
  - aiosignal=1.2.0=pyhd3eb1b0_0
  - argon2-cffi=21.3.0=pyhd3eb1b0_0
  - argon2-cffi-bindings=21.2.0=py39h7f8727e_0
  - arpack=3.7.0=hc6cf775_2
  - arrow-cpp=4.0.1=py39hfcba430_27_cpu
  - asttokens=2.0.5=pyhd3eb1b0_0
  - async-timeout=4.0.1=pyhd3eb1b0_0
  - attrs=21.4.0=pyhd3eb1b0_0
  - aws-c-cal=0.5.11=h95a6274_0
  - aws-c-common=0.6.2=h27cfd23_0
  - aws-c-event-stream=0.2.7=h3541f99_13
  - aws-c-io=0.10.5=hfb6a706_0
  - aws-checksums=0.1.11=ha31a3da_7
  - aws-sdk-cpp=1.8.186=hb4091e7_3
  - backcall=0.2.0=pyhd3eb1b0_0
  - blas=1.0=mkl
  - bleach=4.1.0=pyhd3eb1b0_0
  - blinker=1.4=py39h06a4308_0
  - boost-cpp=1.71.0=h7f8727e_1
  - bottleneck=1.3.4=py39hce1f21e_0
  - brotlipy=0.7.0=py39h27cfd23_1003
  - bzip2=1.0.8=h7b6447c_0
  - c-ares=1.18.1=h7f8727e_0
  - ca-certificates=2022.3.29=h06a4308_0
  - cachetools=4.2.2=pyhd3eb1b0_0
  - certifi=2021.10.8=py39h06a4308_2
  - cffi=1.15.0=py39hd667e15_1
  - charset-normalizer=2.0.4=pyhd3eb1b0_0
  - click=8.0.4=py39h06a4308_0
  - colorama=0.4.4=pyhd3eb1b0_0
  - cryptography=36.0.0=py39h9ce1e76_0
  - cudatoolkit=11.3.1=h2bc3f7f_2
  - dataclasses=0.8=pyh6d0b6a4_7
  - dbus=1.13.18=hb2f20db_0
  - debugpy=1.5.1=py39h295c915_0
  - decorator=5.1.1=pyhd3eb1b0_0
  - defusedxml=0.7.1=pyhd3eb1b0_0
  - entrypoints=0.3=py39h06a4308_0
  - executing=0.8.3=pyhd3eb1b0_0
  - expat=2.4.4=h295c915_0
  - faiss=1.7.2=py39cuda112he3b9038_0_cuda
  - faiss-gpu=1.7.2=h788eb59_0
  - ffmpeg=4.2.2=h20bf706_0
  - fontconfig=2.13.1=h6c09931_0
  - freetype=2.11.0=h70c0345_0
  - frozenlist=1.2.0=py39h7f8727e_0
  - fsspec=2022.2.0=pyhd3eb1b0_0
  - future=0.18.2=py39h06a4308_1
  - gflags=2.2.2=he6710b0_0
  - giflib=5.2.1=h7b6447c_0
  - glib=2.69.1=h4ff587b_1
  - glog=0.5.0=h2531618_0
  - glpk=4.65=h3ceedfd_2
  - gmp=6.2.1=h2531618_2
  - gnutls=3.6.15=he1e5248_0
  - google-auth=2.6.0=pyhd3eb1b0_0
  - google-auth-oauthlib=0.4.1=py_2
  - grpc-cpp=1.42.0=ha1441d3_1
  - grpcio=1.42.0=py39hce63b2e_0
  - gst-plugins-base=1.14.0=h8213a91_2
  - gstreamer=1.14.0=h28cd5cc_2
  - icu=58.2=he6710b0_3
  - idna=3.3=pyhd3eb1b0_0
  - importlib-metadata=4.11.3=py39h06a4308_0
  - importlib_metadata=4.11.3=hd3eb1b0_0
  - intel-openmp=2021.4.0=h06a4308_3561
  - ipykernel=6.9.1=py39h06a4308_0
  - ipython=8.2.0=py39h06a4308_0
  - ipython_genutils=0.2.0=pyhd3eb1b0_1
  - ipywidgets=7.6.5=pyhd3eb1b0_1
  - jbig=2.1=hdba287a_0
  - jedi=0.18.1=py39h06a4308_1
  - jinja2=3.0.3=pyhd3eb1b0_0
  - joblib=1.1.0=pyhd3eb1b0_0
  - jpeg=9d=h7f8727e_0
  - jsonschema=3.2.0=pyhd3eb1b0_2
  - jupyter=1.0.0=py39h06a4308_7
  - jupyter_client=7.1.2=pyhd3eb1b0_0
  - jupyter_console=6.4.3=pyhd3eb1b0_0
  - jupyter_core=4.9.2=py39h06a4308_0
  - jupyterlab_pygments=0.1.2=py_0
  - jupyterlab_widgets=1.0.0=pyhd3eb1b0_1
  - krb5=1.19.2=hac12032_0
  - lame=3.100=h7b6447c_0
  - lcms2=2.12=h3be6417_0
  - ld_impl_linux-64=2.35.1=h7274673_9
  - lerc=3.0=h295c915_0
  - libblas=3.9.0=12_linux64_mkl
  - libboost=1.71.0=haf77d95_1
  - libbrotlicommon=1.0.9=h166bdaf_7
  - libbrotlidec=1.0.9=h166bdaf_7
  - libbrotlienc=1.0.9=h166bdaf_7
  - libcurl=7.80.0=h0b77cf5_0
  - libdeflate=1.8=h7f8727e_5
  - libedit=3.1.20210910=h7f8727e_0
  - libev=4.33=h7f8727e_1
  - libevent=2.1.12=h8f2d780_0
  - libfaiss=1.7.2=cuda112hc9ed507_0_cuda
  - libfaiss-avx2=1.7.2=cuda112h1234567_0_cuda
  - libffi=3.3=he6710b0_2
  - libgcc-ng=11.2.0=h1d223b6_14
  - libgfortran-ng=7.5.0=ha8ba4b0_17
  - libgfortran4=7.5.0=ha8ba4b0_17
  - libgomp=11.2.0=h1d223b6_14
  - libidn2=2.3.2=h7f8727e_0
  - liblapack=3.9.0=12_linux64_mkl
  - libllvm11=11.1.0=h3826bc1_1
  - libnghttp2=1.46.0=hce63b2e_0
  - libopus=1.3.1=h7b6447c_0
  - libpng=1.6.37=hbc83047_0
  - libprotobuf=3.19.1=h4ff587b_0
  - libsodium=1.0.18=h7b6447c_0
  - libssh2=1.9.0=h1ba5d50_1
  - libstdcxx-ng=11.2.0=he4da1e4_14
  - libtasn1=4.16.0=h27cfd23_0
  - libthrift=0.15.0=hcc01f38_0
  - libtiff=4.3.0=h6f004c6_2
  - libunistring=0.9.10=h27cfd23_0
  - libutf8proc=2.7.0=h7f98852_0
  - libuuid=1.0.3=h7f8727e_2
  - libuv=1.40.0=h7b6447c_0
  - libvpx=1.7.0=h439df22_0
  - libwebp=1.2.2=h55f646e_0
  - libwebp-base=1.2.2=h7f8727e_0
  - libxcb=1.14=h7b6447c_0
  - libxml2=2.9.12=h03d6c58_0
  - libzlib=1.2.11=h166bdaf_1014
  - llvmlite=0.38.0=py39h4ff587b_0
  - lz4-c=1.9.3=h295c915_1
  - markdown=3.3.4=py39h06a4308_0
  - markupsafe=2.0.1=py39h27cfd23_0
  - matplotlib-inline=0.1.2=pyhd3eb1b0_2
  - metis=5.1.0=hf484d3e_4
  - mistune=0.8.4=py39h27cfd23_1000
  - mkl=2021.4.0=h06a4308_640
  - mkl-service=2.4.0=py39h7f8727e_0
  - mkl_fft=1.3.1=py39hd3c417c_0
  - mkl_random=1.2.2=py39h51133e4_0
  - mpfr=4.0.2=hb69a4c5_1
  - multidict=5.2.0=py39h7f8727e_2
  - nbclient=0.5.11=pyhd3eb1b0_0
  - nbconvert=6.3.0=py39h06a4308_0
  - nbformat=5.1.3=pyhd3eb1b0_0
  - ncurses=6.3=h7f8727e_2
  - nest-asyncio=1.5.1=pyhd3eb1b0_0
  - nettle=3.7.3=hbbd107a_1
  - networkx=2.7.1=pyhd3eb1b0_0
  - notebook=6.4.8=py39h06a4308_0
  - numba=0.55.1=py39h51133e4_0
  - numexpr=2.8.1=py39h6abb31d_0
  - numpy=1.21.2=py39h20f2e39_0
  - numpy-base=1.21.2=py39h79a1101_0
  - oauthlib=3.1.0=py_0
  - openh264=2.1.1=h4ff587b_0
  - openssl=1.1.1n=h7f8727e_0
  - orc=1.7.2=h1be678f_0
  - packaging=21.3=pyhd3eb1b0_0
  - pandas=1.4.1=py39h295c915_1
  - pandocfilters=1.5.0=pyhd3eb1b0_0
  - parso=0.8.3=pyhd3eb1b0_0
  - pcre=8.45=h295c915_0
  - pexpect=4.8.0=pyhd3eb1b0_3
  - pickleshare=0.7.5=pyhd3eb1b0_1003
  - pillow=9.0.1=py39h22f2fdc_0
  - pip=21.2.4=py39h06a4308_0
  - prometheus_client=0.13.1=pyhd3eb1b0_0
  - prompt-toolkit=3.0.20=pyhd3eb1b0_0
  - prompt_toolkit=3.0.20=hd3eb1b0_0
  - protobuf=3.19.1=py39h295c915_0
  - ptyprocess=0.7.0=pyhd3eb1b0_2
  - pure_eval=0.2.2=pyhd3eb1b0_0
  - py4j=0.10.9.2=pyhd3eb1b0_0
  - pyarrow=4.0.1=py39he0739d4_3
  - pyasn1=0.4.8=pyhd3eb1b0_0
  - pyasn1-modules=0.2.8=py_0
  - pycparser=2.21=pyhd3eb1b0_0
  - pydeprecate=0.3.2=pyhd8ed1ab_0
  - pyg=2.0.4=py39_torch_1.11.0_cu113
  - pygments=2.11.2=pyhd3eb1b0_0
  - pyjwt=2.3.0=pyhd8ed1ab_1
  - pynndescent=0.5.4=pyhd3eb1b0_0
  - pyopenssl=22.0.0=pyhd3eb1b0_0
  - pyparsing=3.0.4=pyhd3eb1b0_0
  - pyqt=5.9.2=py39h2531618_6
  - pyrsistent=0.18.0=py39heee7806_0
  - pysocks=1.7.1=py39h06a4308_0
  - pyspark=3.2.0=pyh6c4a22f_0
  - python=3.9.12=h12debd9_0
  - python-dateutil=2.8.2=pyhd3eb1b0_0
  - python-igraph=0.9.9=py39hfef886c_0
  - python-louvain=0.15=pyhd3eb1b0_0
  - python_abi=3.9=2_cp39
  - pytorch=1.11.0=py3.9_cuda11.3_cudnn8.2.0_0
  - pytorch-cluster=1.6.0=py39_torch_1.11.0_cu113
  - pytorch-lightning=1.6.0=pyhd8ed1ab_0
  - pytorch-mutex=1.0=cuda
  - pytorch-scatter=2.0.9=py39_torch_1.11.0_cu113
  - pytorch-sparse=0.6.13=py39_torch_1.11.0_cu113
  - pytorch-spline-conv=1.2.1=py39_torch_1.11.0_cu113
  - pytz=2021.3=pyhd3eb1b0_0
  - pyyaml=6.0=py39h7f8727e_1
  - pyzmq=22.3.0=py39h295c915_2
  - qt=5.9.7=h5867ecd_1
  - qtconsole=5.3.0=pyhd3eb1b0_0
  - qtpy=2.0.1=pyhd3eb1b0_0
  - re2=2021.11.01=h9c3ff4c_0
  - readline=8.1.2=h7f8727e_1
  - requests=2.27.1=pyhd3eb1b0_0
  - requests-oauthlib=1.3.0=py_0
  - rsa=4.7.2=pyhd3eb1b0_1
  - s2n=1.0.10=h9b69904_0
  - scikit-learn=1.0.2=py39h51133e4_1
  - scipy=1.7.3=py39hc147768_0
  - send2trash=1.8.0=pyhd3eb1b0_1
  - setuptools=58.0.4=py39h06a4308_0
  - sip=4.19.13=py39h295c915_0
  - six=1.16.0=pyhd3eb1b0_1
  - snappy=1.1.8=he6710b0_0
  - sqlite=3.38.2=hc218d9a_0
  - stack_data=0.2.0=pyhd3eb1b0_0
  - suitesparse=5.10.1=hccbcb17_0
  - tbb=2021.5.0=hd09550d_0
  - tensorboard=2.6.0=py_1
  - tensorboard-data-server=0.6.0=py39hca6d32c_0
  - tensorboard-plugin-wit=1.6.0=py_0
  - terminado=0.13.1=py39h06a4308_0
  - testpath=0.5.0=pyhd3eb1b0_0
  - texttable=1.6.4=pyhd3eb1b0_0
  - threadpoolctl=2.2.0=pyh0d69192_0
  - tk=8.6.11=h1ccaba5_0
  - torchmetrics=0.7.3=pyhd8ed1ab_0
  - torchvision=0.12.0=py39_cu113
  - tornado=6.1=py39h27cfd23_0
  - tqdm=4.63.0=pyhd3eb1b0_0
  - traitlets=5.1.1=pyhd3eb1b0_0
  - typing-extensions=4.1.1=hd3eb1b0_0
  - typing_extensions=4.1.1=pyh06a4308_0
  - tzdata=2022a=hda174b7_0
  - umap-learn=0.5.2=py39hf3d152e_1
  - urllib3=1.26.8=pyhd3eb1b0_0
  - wcwidth=0.2.5=pyhd3eb1b0_0
  - webencodings=0.5.1=py39h06a4308_1
  - werkzeug=2.0.3=pyhd3eb1b0_0
  - wheel=0.37.1=pyhd3eb1b0_0
  - widgetsnbextension=3.5.2=py39h06a4308_0
  - x264=1!157.20191217=h7b6447c_0
  - xz=5.2.5=h7b6447c_0
  - yacs=0.1.6=pyhd3eb1b0_1
  - yaml=0.2.5=h7b6447c_0
  - yarl=1.6.3=py39h27cfd23_0
  - zeromq=4.3.4=h2531618_0
  - zipp=3.7.0=pyhd3eb1b0_0
  - zlib=1.2.11=h166bdaf_1014
  - zstd=1.5.2=ha95c52a_0
  - pip:
    - docker-pycreds==0.4.0
    - docstring-parser==0.13
    - feature-engine==1.2.0
    - filelock==3.6.0
    - gitdb==4.0.9
    - gitpython==3.1.27
    - huggingface-hub==0.5.0
    - jsonargparse==4.5.0
    - lxml==4.8.0
    - nltk==3.7
    - pathtools==0.1.2
    - patsy==0.5.2
    - promise==2.3
    - psutil==5.9.0
    - python-levenshtein==0.12.2
    - regex==2022.3.15
    - sacremoses==0.0.49
    - sentence-transformers==2.2.0
    - sentencepiece==0.1.96
    - sentry-sdk==1.5.8
    - setproctitle==1.2.2
    - shortuuid==1.0.8
    - simple-parsing==0.0.19.post0
    - smmap==5.0.0
    - statsmodels==0.13.2
    - tch-geometric==0.1.0
    - tokenizers==0.11.6
    - transformers==4.17.0
    - wandb==0.12.14
    - wikitextparser==0.48.2
prefix: /data/pella/projects/University/Thesis/Thesis/source/env
